
Microsoft Visual Studio Solution File, Format Version 12.00
# Visual Studio Version 16
VisualStudioVersion = 16.0.31515.178
MinimumVisualStudioVersion = 10.0.40219.1
Project("{FAE04EC0-301F-11D3-BF4B-00C04F79EFBC}") = "ConsoleApp1", "ConsoleApp1\ConsoleApp1.csproj", "{D770E4DE-092C-4E6A-9A43-41B3A2177779}"
EndProject
Global
	GlobalSection(SolutionConfigurationPlatforms) = preSolution
		Debug|Any CPU = Debug|Any CPU
		Release|Any CPU = Release|Any CPU
	EndGlobalSection
	GlobalSection(ProjectConfigurationPlatforms) = postSolution
		{D770E4DE-092C-4E6A-9A43-41B3A2177779}.Debug|Any CPU.ActiveCfg = Debug|Any CPU
		{D770E4DE-092C-4E6A-9A43-41B3A2177779}.Debug|Any CPU.Build.0 = Debug|Any CPU
		{D770E4DE-092C-4E6A-9A43-41B3A2177779}.Release|Any CPU.ActiveCfg = Release|Any CPU
		{D770E4DE-092C-4E6A-9A43-41B3A2177779}.Release|Any CPU.Build.0 = Release|Any CPU
	EndGlobalSection
	GlobalSection(SolutionProperties) = preSolution
		HideSolutionNode = FALSE
	EndGlobalSection
	GlobalSection(ExtensibilityGlobals) = postSolution
		SolutionGuid = {0C0EDE39-B9C5-4F4B-BD8C-D79DEC2D0007}
	EndGlobalSection
EndGlobal
